
Microsoft Visual Studio Solution File, Format Version 12.00
# Visual Studio Version 16
VisualStudioVersion = 16.0.30907.101
MinimumVisualStudioVersion = 10.0.40219.1
Project("{9A19103F-16F7-4668-BE54-9A1E7A4F7556}") = "Business", "Business\Business.csproj", "{406792AE-6569-41EC-A9A2-1A28A6F1B5A2}"
EndProject
Project("{9A19103F-16F7-4668-BE54-9A1E7A4F7556}") = "DataAccess", "DataAccess\DataAccess.csproj", "{7F7FF5B9-FF27-48F2-8FA6-8D8187F4CF1E}"
EndProject
Project("{9A19103F-16F7-4668-BE54-9A1E7A4F7556}") = "Entities", "Entities\Entities.csproj", "{C971A540-2AA0-4E6E-9DBA-F2B4C82DA63C}"
EndProject
Project("{9A19103F-16F7-4668-BE54-9A1E7A4F7556}") = "ConsoleUI", "ConsoleUI\ConsoleUI.csproj", "{896DD361-B1EA-430E-B5C8-BBD2567FF7EC}"
EndProject
Project("{9A19103F-16F7-4668-BE54-9A1E7A4F7556}") = "Core", "Core\Core.csproj", "{2380F90F-F55B-4820-9631-86C9C9B1C769}"
EndProject
Project("{FAE04EC0-301F-11D3-BF4B-00C04F79EFBC}") = "WebAPI", "WebAPI\WebAPI.csproj", "{D3CD7DE0-44C0-48C2-B8CE-53BDB20E3923}"
EndProject
Global
	GlobalSection(SolutionConfigurationPlatforms) = preSolution
		Debug|Any CPU = Debug|Any CPU
		Release|Any CPU = Release|Any CPU
	EndGlobalSection
	GlobalSection(ProjectConfigurationPlatforms) = postSolution
		{406792AE-6569-41EC-A9A2-1A28A6F1B5A2}.Debug|Any CPU.ActiveCfg = Debug|Any CPU
		{406792AE-6569-41EC-A9A2-1A28A6F1B5A2}.Debug|Any CPU.Build.0 = Debug|Any CPU
		{406792AE-6569-41EC-A9A2-1A28A6F1B5A2}.Release|Any CPU.ActiveCfg = Release|Any CPU
		{406792AE-6569-41EC-A9A2-1A28A6F1B5A2}.Release|Any CPU.Build.0 = Release|Any CPU
		{7F7FF5B9-FF27-48F2-8FA6-8D8187F4CF1E}.Debug|Any CPU.ActiveCfg = Debug|Any CPU
		{7F7FF5B9-FF27-48F2-8FA6-8D8187F4CF1E}.Debug|Any CPU.Build.0 = Debug|Any CPU
		{7F7FF5B9-FF27-48F2-8FA6-8D8187F4CF1E}.Release|Any CPU.ActiveCfg = Release|Any CPU
		{7F7FF5B9-FF27-48F2-8FA6-8D8187F4CF1E}.Release|Any CPU.Build.0 = Release|Any CPU
		{C971A540-2AA0-4E6E-9DBA-F2B4C82DA63C}.Debug|Any CPU.ActiveCfg = Debug|Any CPU
		{C971A540-2AA0-4E6E-9DBA-F2B4C82DA63C}.Debug|Any CPU.Build.0 = Debug|Any CPU
		{C971A540-2AA0-4E6E-9DBA-F2B4C82DA63C}.Release|Any CPU.ActiveCfg = Release|Any CPU
		{C971A540-2AA0-4E6E-9DBA-F2B4C82DA63C}.Release|Any CPU.Build.0 = Release|Any CPU
		{896DD361-B1EA-430E-B5C8-BBD2567FF7EC}.Debug|Any CPU.ActiveCfg = Debug|Any CPU
		{896DD361-B1EA-430E-B5C8-BBD2567FF7EC}.Debug|Any CPU.Build.0 = Debug|Any CPU
		{896DD361-B1EA-430E-B5C8-BBD2567FF7EC}.Release|Any CPU.ActiveCfg = Release|Any CPU
		{896DD361-B1EA-430E-B5C8-BBD2567FF7EC}.Release|Any CPU.Build.0 = Release|Any CPU
		{2380F90F-F55B-4820-9631-86C9C9B1C769}.Debug|Any CPU.ActiveCfg = Debug|Any CPU
		{2380F90F-F55B-4820-9631-86C9C9B1C769}.Debug|Any CPU.Build.0 = Debug|Any CPU
		{2380F90F-F55B-4820-9631-86C9C9B1C769}.Release|Any CPU.ActiveCfg = Release|Any CPU
		{2380F90F-F55B-4820-9631-86C9C9B1C769}.Release|Any CPU.Build.0 = Release|Any CPU
		{D3CD7DE0-44C0-48C2-B8CE-53BDB20E3923}.Debug|Any CPU.ActiveCfg = Debug|Any CPU
		{D3CD7DE0-44C0-48C2-B8CE-53BDB20E3923}.Debug|Any CPU.Build.0 = Debug|Any CPU
		{D3CD7DE0-44C0-48C2-B8CE-53BDB20E3923}.Release|Any CPU.ActiveCfg = Release|Any CPU
		{D3CD7DE0-44C0-48C2-B8CE-53BDB20E3923}.Release|Any CPU.Build.0 = Release|Any CPU
	EndGlobalSection
	GlobalSection(SolutionProperties) = preSolution
		HideSolutionNode = FALSE
	EndGlobalSection
	GlobalSection(ExtensibilityGlobals) = postSolution
		SolutionGuid = {DFC68BBE-D053-4616-8835-2D006DFD0448}
	EndGlobalSection
EndGlobal
